{
  "version": 4,
  "terraform_version": "1.6.0",
  "serial": 3,
  "lineage": "3b322c78-fc0f-e106-d457-26980f546763",
  "outputs": {
    "resourcegroup-id": {
      "value": "/subscriptions/8b250924-cee9-404d-b9f3-19e5b9606477/resourceGroups/myrg01",
      "type": "string"
    }
  },
  "resources": [
    {
      "mode": "managed",
      "type": "azurerm_resource_group",
      "name": "rg003",
      "provider": "provider[\"registry.terraform.io/hashicorp/azurerm\"]",
      "instances": [
        {
          "schema_version": 0,
          "attributes": {
            "id": "/subscriptions/8b250924-cee9-404d-b9f3-19e5b9606477/resourceGroups/myrg01",
            "location": "centralindia",
            "managed_by": "",
            "name": "myrg01",
            "tags": null,
            "timeouts": null
          },
          "sensitive_attributes": [],
          "private": "eyJlMmJmYjczMC1lY2FhLTExZTYtOGY4OC0zNDM2M2JjN2M0YzAiOnsiY3JlYXRlIjo1NDAwMDAwMDAwMDAwLCJkZWxldGUiOjU0MDAwMDAwMDAwMDAsInJlYWQiOjMwMDAwMDAwMDAwMCwidXBkYXRlIjo1NDAwMDAwMDAwMDAwfX0="
        }
      ]
    }
  ],
  "check_results": null
}
